
Microsoft Visual Studio Solution File, Format Version 12.00
# Visual Studio Version 17
VisualStudioVersion = 17.5.33516.290
MinimumVisualStudioVersion = 10.0.40219.1
Project("{FAE04EC0-301F-11D3-BF4B-00C04F79EFBC}") = "AuthSystem", "AuthSystem.csproj", "{3EC7B0BC-6469-4E33-86F8-03A2DDAFC6C1}"
EndProject
Global
	GlobalSection(SolutionConfigurationPlatforms) = preSolution
		Debug|Any CPU = Debug|Any CPU
		Release|Any CPU = Release|Any CPU
	EndGlobalSection
	GlobalSection(ProjectConfigurationPlatforms) = postSolution
		{3EC7B0BC-6469-4E33-86F8-03A2DDAFC6C1}.Debug|Any CPU.ActiveCfg = Debug|Any CPU
		{3EC7B0BC-6469-4E33-86F8-03A2DDAFC6C1}.Debug|Any CPU.Build.0 = Debug|Any CPU
		{3EC7B0BC-6469-4E33-86F8-03A2DDAFC6C1}.Release|Any CPU.ActiveCfg = Release|Any CPU
		{3EC7B0BC-6469-4E33-86F8-03A2DDAFC6C1}.Release|Any CPU.Build.0 = Release|Any CPU
	EndGlobalSection
	GlobalSection(SolutionProperties) = preSolution
		HideSolutionNode = FALSE
	EndGlobalSection
	GlobalSection(ExtensibilityGlobals) = postSolution
		SolutionGuid = {1FBF14BA-C5BE-4898-862C-7624156D30C4}
	EndGlobalSection
EndGlobal
